
Microsoft Visual Studio Solution File, Format Version 12.00
# Visual Studio Version 16
VisualStudioVersion = 16.0.31129.286
MinimumVisualStudioVersion = 10.0.40219.1
Project("{9A19103F-16F7-4668-BE54-9A1E7A4F7556}") = "fake_users", "TestData\fake_users.csproj", "{DD5D6BB6-C267-4F9B-A0B4-9C4DF7B066D9}"
EndProject
Global
	GlobalSection(SolutionConfigurationPlatforms) = preSolution
		Debug|Any CPU = Debug|Any CPU
		Release|Any CPU = Release|Any CPU
	EndGlobalSection
	GlobalSection(ProjectConfigurationPlatforms) = postSolution
		{DD5D6BB6-C267-4F9B-A0B4-9C4DF7B066D9}.Debug|Any CPU.ActiveCfg = Debug|Any CPU
		{DD5D6BB6-C267-4F9B-A0B4-9C4DF7B066D9}.Debug|Any CPU.Build.0 = Debug|Any CPU
		{DD5D6BB6-C267-4F9B-A0B4-9C4DF7B066D9}.Release|Any CPU.ActiveCfg = Release|Any CPU
		{DD5D6BB6-C267-4F9B-A0B4-9C4DF7B066D9}.Release|Any CPU.Build.0 = Release|Any CPU
	EndGlobalSection
	GlobalSection(SolutionProperties) = preSolution
		HideSolutionNode = FALSE
	EndGlobalSection
	GlobalSection(ExtensibilityGlobals) = postSolution
		SolutionGuid = {B7BB87B9-A529-4AA5-82B9-B793D3945BF2}
	EndGlobalSection
EndGlobal
